
Microsoft Visual Studio Solution File, Format Version 12.00
# Visual Studio Version 17
VisualStudioVersion = 17.14.36212.18 d17.14
MinimumVisualStudioVersion = 10.0.40219.1
Project("{FAE04EC0-301F-11D3-BF4B-00C04F79EFBC}") = "Saper", "Saper.csproj", "{6FAFEE21-13E5-4823-822B-3EB330FCB422}"
EndProject
Global
	GlobalSection(SolutionConfigurationPlatforms) = preSolution
		Debug|Any CPU = Debug|Any CPU
		Release|Any CPU = Release|Any CPU
	EndGlobalSection
	GlobalSection(ProjectConfigurationPlatforms) = postSolution
		{6FAFEE21-13E5-4823-822B-3EB330FCB422}.Debug|Any CPU.ActiveCfg = Debug|Any CPU
		{6FAFEE21-13E5-4823-822B-3EB330FCB422}.Debug|Any CPU.Build.0 = Debug|Any CPU
		{6FAFEE21-13E5-4823-822B-3EB330FCB422}.Release|Any CPU.ActiveCfg = Release|Any CPU
		{6FAFEE21-13E5-4823-822B-3EB330FCB422}.Release|Any CPU.Build.0 = Release|Any CPU
	EndGlobalSection
	GlobalSection(SolutionProperties) = preSolution
		HideSolutionNode = FALSE
	EndGlobalSection
	GlobalSection(ExtensibilityGlobals) = postSolution
		SolutionGuid = {93F28E93-127D-42D4-BADD-B999859C9B65}
	EndGlobalSection
EndGlobal
